{
  "lockfileVersion": 1,
  "configVersion": 1,
  "workspaces": {
    "": {
      "name": "agents-radar",
      "dependencies": {
        "@anthropic-ai/sdk": "^0.78.0",
        "@cliffy/ansi": "npm:@jsr/cliffy__ansi",
        "@cliffy/command": "npm:@jsr/cliffy__command",
        "@dotenvx/dotenvx": "^1.69.2",
        "cliffy": "^2.5.1",
        "js-yaml": "^4.1.1",
        "luxon": "^3.7.2",
        "marked": "^17.0.4",
        "openai": "^6.27.0",
        "zod": "^4.4.3",
      },
      "devDependencies": {
        "@biomejs/biome": "^2.4.16",
        "@types/js-yaml": "^4.0.9",
        "@types/luxon": "^3.7.1",
        "@types/marked": "^6.0.0",
        "@types/node": "^25.3.5",
        "@vitest/coverage-v8": "^4.0.18",
        "lefthook": "^2.1.9",
        "typescript": "^5.7.0",
        "vitest": "^4.0.18",
      },
    },
  },
  "packages": {
    "@anthropic-ai/sdk": ["@anthropic-ai/sdk@0.78.0", "", { "dependencies": { "json-schema-to-ts": "3.1.1" }, "optionalDependencies": { "zod": "4.4.3" }, "bin": { "anthropic-ai-sdk": "bin/cli" } }, "sha512-PzQhR715td/m1UaaN5hHXjYB8Gl2lF9UVhrrGrZeysiF6Rb74Wc9GCB8hzLdzmQtBd1qe89F9OptgB9Za1Ib5w=="],

    "@babel/helper-string-parser": ["@babel/helper-string-parser@7.27.1", "", {}, "sha512-qMlSxKbpRlAridDExk92nSobyDdpPijUq2DW6oDnUqd0iOGxmQjyqhMIihI9+zv4LPyZdRje2cavWPbCbWm3eA=="],

    "@babel/helper-validator-identifier": ["@babel/helper-validator-identifier@7.28.5", "", {}, "sha512-qSs4ifwzKJSV39ucNjsvc6WVHs6b7S03sOh2OcHF9UHfVPqWWALUsNUVzhSBiItjRZoLHx7nIarVjqKVusUZ1Q=="],

    "@babel/parser": ["@babel/parser@7.29.0", "", { "dependencies": { "@babel/types": "7.29.0" }, "bin": "./bin/babel-parser.js" }, "sha512-IyDgFV5GeDUVX4YdF/3CPULtVGSXXMLh1xVIgdCgxApktqnQV0r7/8Nqthg+8YLGaAtdyIlo2qIdZrbCv4+7ww=="],

    "@babel/runtime": ["@babel/runtime@7.28.6", "", {}, "sha512-05WQkdpL9COIMz4LjTxGpPNCdlpyimKppYNoJ5Di5EUObifl8t4tuLuUBBZEpoLYOmfvIWrsp9fCl0HoPRVTdA=="],

    "@babel/types": ["@babel/types@7.29.0", "", { "dependencies": { "@babel/helper-string-parser": "7.27.1", "@babel/helper-validator-identifier": "7.28.5" } }, "sha512-LwdZHpScM4Qz8Xw2iKSzS+cfglZzJGvofQICy7W7v4caru4EaAmyUuO6BGrbyQ2mYV11W0U8j5mBhd14dd3B0A=="],

    "@bcoe/v8-coverage": ["@bcoe/v8-coverage@1.0.2", "", {}, "sha512-6zABk/ECA/QYSCQ1NGiVwwbQerUCZ+TQbp64Q3AgmfNvurHH0j8TtXa1qbShXA6qqkpAj4V5W8pP6mLe1mcMqA=="],

    "@biomejs/biome": ["@biomejs/biome@2.4.16", "", { "optionalDependencies": { "@biomejs/cli-darwin-arm64": "2.4.16", "@biomejs/cli-darwin-x64": "2.4.16", "@biomejs/cli-linux-arm64": "2.4.16", "@biomejs/cli-linux-arm64-musl": "2.4.16", "@biomejs/cli-linux-x64": "2.4.16", "@biomejs/cli-linux-x64-musl": "2.4.16", "@biomejs/cli-win32-arm64": "2.4.16", "@biomejs/cli-win32-x64": "2.4.16" }, "bin": { "biome": "bin/biome" } }, "sha512-x9ajFh1zChVybCiM3TN6OD4phAqLgtPZjFrZF+aTMYCPjwBO+k529TX7PPsAqtGNLeV4UgzwQnowEgS7bGmzcA=="],

    "@biomejs/cli-darwin-arm64": ["@biomejs/cli-darwin-arm64@2.4.16", "", { "os": "darwin", "cpu": "arm64" }, "sha512-wxPvu4XOA85YJk9ixSWUmq/QBHbid85BISbOAqqBM/5xQpPk9ayjk5375tOlSC0BeCwNSbPFafQBm+vBumXq0A=="],

    "@biomejs/cli-darwin-x64": ["@biomejs/cli-darwin-x64@2.4.16", "", { "os": "darwin", "cpu": "x64" }, "sha512-xFCqGPwYusQJp4N4NJLi1XJiZqjwFdjhT+KqtNy+Ug3qgfczqnTa6MSDvxJF6TkuDLoYJItMapz6tAf7kCekFw=="],

    "@biomejs/cli-linux-arm64": ["@biomejs/cli-linux-arm64@2.4.16", "", { "os": "linux", "cpu": "arm64" }, "sha512-2kFb4//jxfZaP6D+Rj5VkHkxgyD9EoRAVBEQb8PKRv+s4NO2zYNJKXFaJmK1CmhufJOWEfpHKaRbOja7qjmdhQ=="],

    "@biomejs/cli-linux-arm64-musl": ["@biomejs/cli-linux-arm64-musl@2.4.16", "", { "os": "linux", "cpu": "arm64" }, "sha512-oYxnW0ARfJkr72ezzF2OR8N/rtkgLUQeYtF8cFhVswbknHxtTcmzSsanVJP8yQKnGpGpc2ck6c5zLvHahL6Cbg=="],

    "@biomejs/cli-linux-x64": ["@biomejs/cli-linux-x64@2.4.16", "", { "os": "linux", "cpu": "x64" }, "sha512-NbcBbi/nJqn5baae6wqRXdS7Gadf2uRpehSh6vMSYpG8OhkXl/Xg8aorWrJ+9VWqAT5ml90alLvorkpMW0nBwQ=="],

    "@biomejs/cli-linux-x64-musl": ["@biomejs/cli-linux-x64-musl@2.4.16", "", { "os": "linux", "cpu": "x64" }, "sha512-iHDS+MCM65DPqWGu+ECC3uoALyj2H7F4nVUPxIPjz/PIl94EUu+EDfGZDzFP+NY1EOPVt9NQvwFqq7HdMmowdg=="],

    "@biomejs/cli-win32-arm64": ["@biomejs/cli-win32-arm64@2.4.16", "", { "os": "win32", "cpu": "arm64" }, "sha512-0rgImMsNb5v/chhkIFe3wu7PEFClS6RBAYUijGL9UsYN3PanSaoK24HSSuSJb1pYbYYVjzAyZTl3gtjJ84BM8A=="],

    "@biomejs/cli-win32-x64": ["@biomejs/cli-win32-x64@2.4.16", "", { "os": "win32", "cpu": "x64" }, "sha512-Kp85jgoBHa05gix6UIRjfCDiUV3w/8VIdZ247VyyO2gEjaw12WEVhdIjlxp/AMzXxqxQwbxNTDVZ3Mwd2RG5rw=="],

    "@cliffy/ansi": ["@jsr/cliffy__ansi@1.1.0", "https://npm.jsr.io/~/11/@jsr/cliffy__ansi/1.1.0.tgz", { "dependencies": { "@jsr/cliffy__internal": "1.1.0", "@jsr/std__encoding": "^1.0.10", "@jsr/std__fmt": "^1.0.9", "@jsr/std__io": "~0.225.3" } }, "sha512-1d7bqarN2927Rio3WvbUGV4Lrv9DzZT+Rzb7fBHErLFeywb5WW7q2B6FGmfdanVsQcTyJseYYphZi1tdjKoqpQ=="],

    "@cliffy/command": ["@jsr/cliffy__command@1.1.0", "https://npm.jsr.io/~/11/@jsr/cliffy__command/1.1.0.tgz", { "dependencies": { "@jsr/cliffy__flags": "1.1.0", "@jsr/cliffy__internal": "1.1.0", "@jsr/cliffy__table": "1.1.0", "@jsr/std__fmt": "^1.0.9", "@jsr/std__semver": "^1.0.8", "@jsr/std__text": "^1.0.17" } }, "sha512-kguCbcc28eT52baEjceHfdQwbxcrLfEi1nGsprXU8GdFh2RsQkrDpZS4BCiHPFyv5055VIkzSfhMQ7Xzi33SvA=="],

    "@dotenvx/dotenvx": ["@dotenvx/dotenvx@1.69.2", "", { "dependencies": { "commander": "^11.1.0", "dotenv": "^17.2.1", "eciesjs": "^0.4.10", "enquirer": "^2.4.1", "execa": "^5.1.1", "fdir": "^6.2.0", "ignore": "^5.3.0", "object-treeify": "1.1.33", "picomatch": "^4.0.4", "which": "^4.0.0", "yocto-spinner": "^1.1.0" }, "bin": { "dotenvx": "src/cli/dotenvx.js" } }, "sha512-60Vh31k5bAAPq57Isx+Iopl2FrZQzZyUc4kh/OESgXiwhrKXqdxEn3JGTGSawng1DkkeC4jofFq1VpPJqNQx4w=="],

    "@ecies/ciphers": ["@ecies/ciphers@0.2.6", "", { "peerDependencies": { "@noble/ciphers": "^1.0.0" } }, "sha512-patgsRPKGkhhoBjETV4XxD0En4ui5fbX0hzayqI3M8tvNMGUoUvmyYAIWwlxBc1KX5cturfqByYdj5bYGRpN9g=="],

    "@esbuild/aix-ppc64": ["@esbuild/aix-ppc64@0.27.3", "", { "os": "aix", "cpu": "ppc64" }, "sha512-9fJMTNFTWZMh5qwrBItuziu834eOCUcEqymSH7pY+zoMVEZg3gcPuBNxH1EvfVYe9h0x/Ptw8KBzv7qxb7l8dg=="],

    "@esbuild/android-arm": ["@esbuild/android-arm@0.27.3", "", { "os": "android", "cpu": "arm" }, "sha512-i5D1hPY7GIQmXlXhs2w8AWHhenb00+GxjxRncS2ZM7YNVGNfaMxgzSGuO8o8SJzRc/oZwU2bcScvVERk03QhzA=="],

    "@esbuild/android-arm64": ["@esbuild/android-arm64@0.27.3", "", { "os": "android", "cpu": "arm64" }, "sha512-YdghPYUmj/FX2SYKJ0OZxf+iaKgMsKHVPF1MAq/P8WirnSpCStzKJFjOjzsW0QQ7oIAiccHdcqjbHmJxRb/dmg=="],

    "@esbuild/android-x64": ["@esbuild/android-x64@0.27.3", "", { "os": "android", "cpu": "x64" }, "sha512-IN/0BNTkHtk8lkOM8JWAYFg4ORxBkZQf9zXiEOfERX/CzxW3Vg1ewAhU7QSWQpVIzTW+b8Xy+lGzdYXV6UZObQ=="],

    "@esbuild/darwin-arm64": ["@esbuild/darwin-arm64@0.27.3", "", { "os": "darwin", "cpu": "arm64" }, "sha512-Re491k7ByTVRy0t3EKWajdLIr0gz2kKKfzafkth4Q8A5n1xTHrkqZgLLjFEHVD+AXdUGgQMq+Godfq45mGpCKg=="],

    "@esbuild/darwin-x64": ["@esbuild/darwin-x64@0.27.3", "", { "os": "darwin", "cpu": "x64" }, "sha512-vHk/hA7/1AckjGzRqi6wbo+jaShzRowYip6rt6q7VYEDX4LEy1pZfDpdxCBnGtl+A5zq8iXDcyuxwtv3hNtHFg=="],

    "@esbuild/freebsd-arm64": ["@esbuild/freebsd-arm64@0.27.3", "", { "os": "freebsd", "cpu": "arm64" }, "sha512-ipTYM2fjt3kQAYOvo6vcxJx3nBYAzPjgTCk7QEgZG8AUO3ydUhvelmhrbOheMnGOlaSFUoHXB6un+A7q4ygY9w=="],

    "@esbuild/freebsd-x64": ["@esbuild/freebsd-x64@0.27.3", "", { "os": "freebsd", "cpu": "x64" }, "sha512-dDk0X87T7mI6U3K9VjWtHOXqwAMJBNN2r7bejDsc+j03SEjtD9HrOl8gVFByeM0aJksoUuUVU9TBaZa2rgj0oA=="],

    "@esbuild/linux-arm": ["@esbuild/linux-arm@0.27.3", "", { "os": "linux", "cpu": "arm" }, "sha512-s6nPv2QkSupJwLYyfS+gwdirm0ukyTFNl3KTgZEAiJDd+iHZcbTPPcWCcRYH+WlNbwChgH2QkE9NSlNrMT8Gfw=="],

    "@esbuild/linux-arm64": ["@esbuild/linux-arm64@0.27.3", "", { "os": "linux", "cpu": "arm64" }, "sha512-sZOuFz/xWnZ4KH3YfFrKCf1WyPZHakVzTiqji3WDc0BCl2kBwiJLCXpzLzUBLgmp4veFZdvN5ChW4Eq/8Fc2Fg=="],

    "@esbuild/linux-ia32": ["@esbuild/linux-ia32@0.27.3", "", { "os": "linux", "cpu": "ia32" }, "sha512-yGlQYjdxtLdh0a3jHjuwOrxQjOZYD/C9PfdbgJJF3TIZWnm/tMd/RcNiLngiu4iwcBAOezdnSLAwQDPqTmtTYg=="],

    "@esbuild/linux-loong64": ["@esbuild/linux-loong64@0.27.3", "", { "os": "linux", "cpu": "none" }, "sha512-WO60Sn8ly3gtzhyjATDgieJNet/KqsDlX5nRC5Y3oTFcS1l0KWba+SEa9Ja1GfDqSF1z6hif/SkpQJbL63cgOA=="],

    "@esbuild/linux-mips64el": ["@esbuild/linux-mips64el@0.27.3", "", { "os": "linux", "cpu": "none" }, "sha512-APsymYA6sGcZ4pD6k+UxbDjOFSvPWyZhjaiPyl/f79xKxwTnrn5QUnXR5prvetuaSMsb4jgeHewIDCIWljrSxw=="],

    "@esbuild/linux-ppc64": ["@esbuild/linux-ppc64@0.27.3", "", { "os": "linux", "cpu": "ppc64" }, "sha512-eizBnTeBefojtDb9nSh4vvVQ3V9Qf9Df01PfawPcRzJH4gFSgrObw+LveUyDoKU3kxi5+9RJTCWlj4FjYXVPEA=="],

    "@esbuild/linux-riscv64": ["@esbuild/linux-riscv64@0.27.3", "", { "os": "linux", "cpu": "none" }, "sha512-3Emwh0r5wmfm3ssTWRQSyVhbOHvqegUDRd0WhmXKX2mkHJe1SFCMJhagUleMq+Uci34wLSipf8Lagt4LlpRFWQ=="],

    "@esbuild/linux-s390x": ["@esbuild/linux-s390x@0.27.3", "", { "os": "linux", "cpu": "s390x" }, "sha512-pBHUx9LzXWBc7MFIEEL0yD/ZVtNgLytvx60gES28GcWMqil8ElCYR4kvbV2BDqsHOvVDRrOxGySBM9Fcv744hw=="],

    "@esbuild/linux-x64": ["@esbuild/linux-x64@0.27.3", "", { "os": "linux", "cpu": "x64" }, "sha512-Czi8yzXUWIQYAtL/2y6vogER8pvcsOsk5cpwL4Gk5nJqH5UZiVByIY8Eorm5R13gq+DQKYg0+JyQoytLQas4dA=="],

    "@esbuild/netbsd-arm64": ["@esbuild/netbsd-arm64@0.27.3", "", { "os": "none", "cpu": "arm64" }, "sha512-sDpk0RgmTCR/5HguIZa9n9u+HVKf40fbEUt+iTzSnCaGvY9kFP0YKBWZtJaraonFnqef5SlJ8/TiPAxzyS+UoA=="],

    "@esbuild/netbsd-x64": ["@esbuild/netbsd-x64@0.27.3", "", { "os": "none", "cpu": "x64" }, "sha512-P14lFKJl/DdaE00LItAukUdZO5iqNH7+PjoBm+fLQjtxfcfFE20Xf5CrLsmZdq5LFFZzb5JMZ9grUwvtVYzjiA=="],

    "@esbuild/openbsd-arm64": ["@esbuild/openbsd-arm64@0.27.3", "", { "os": "openbsd", "cpu": "arm64" }, "sha512-AIcMP77AvirGbRl/UZFTq5hjXK+2wC7qFRGoHSDrZ5v5b8DK/GYpXW3CPRL53NkvDqb9D+alBiC/dV0Fb7eJcw=="],

    "@esbuild/openbsd-x64": ["@esbuild/openbsd-x64@0.27.3", "", { "os": "openbsd", "cpu": "x64" }, "sha512-DnW2sRrBzA+YnE70LKqnM3P+z8vehfJWHXECbwBmH/CU51z6FiqTQTHFenPlHmo3a8UgpLyH3PT+87OViOh1AQ=="],

    "@esbuild/openharmony-arm64": ["@esbuild/openharmony-arm64@0.27.3", "", { "os": "none", "cpu": "arm64" }, "sha512-NinAEgr/etERPTsZJ7aEZQvvg/A6IsZG/LgZy+81wON2huV7SrK3e63dU0XhyZP4RKGyTm7aOgmQk0bGp0fy2g=="],

    "@esbuild/sunos-x64": ["@esbuild/sunos-x64@0.27.3", "", { "os": "sunos", "cpu": "x64" }, "sha512-PanZ+nEz+eWoBJ8/f8HKxTTD172SKwdXebZ0ndd953gt1HRBbhMsaNqjTyYLGLPdoWHy4zLU7bDVJztF5f3BHA=="],

    "@esbuild/win32-arm64": ["@esbuild/win32-arm64@0.27.3", "", { "os": "win32", "cpu": "arm64" }, "sha512-B2t59lWWYrbRDw/tjiWOuzSsFh1Y/E95ofKz7rIVYSQkUYBjfSgf6oeYPNWHToFRr2zx52JKApIcAS/D5TUBnA=="],

    "@esbuild/win32-ia32": ["@esbuild/win32-ia32@0.27.3", "", { "os": "win32", "cpu": "ia32" }, "sha512-QLKSFeXNS8+tHW7tZpMtjlNb7HKau0QDpwm49u0vUp9y1WOF+PEzkU84y9GqYaAVW8aH8f3GcBck26jh54cX4Q=="],

    "@esbuild/win32-x64": ["@esbuild/win32-x64@0.27.3", "", { "os": "win32", "cpu": "x64" }, "sha512-4uJGhsxuptu3OcpVAzli+/gWusVGwZZHTlS63hh++ehExkVT8SgiEf7/uC/PclrPPkLhZqGgCTjd0VWLo6xMqA=="],

    "@jridgewell/resolve-uri": ["@jridgewell/resolve-uri@3.1.2", "", {}, "sha512-bRISgCIjP20/tbWSPWMEi54QVPRZExkuD9lJL+UIxUKtwVJA8wW1Trb1jMs1RFXo1CBTNZ/5hpC9QvmKWdopKw=="],

    "@jridgewell/sourcemap-codec": ["@jridgewell/sourcemap-codec@1.5.5", "", {}, "sha512-cYQ9310grqxueWbl+WuIUIaiUaDcj7WOq5fVhEljNVgRfOUhY9fy2zTvfoqWsnebh8Sl70VScFbICvJnLKB0Og=="],

    "@jridgewell/trace-mapping": ["@jridgewell/trace-mapping@0.3.31", "", { "dependencies": { "@jridgewell/resolve-uri": "3.1.2", "@jridgewell/sourcemap-codec": "1.5.5" } }, "sha512-zzNR+SdQSDJzc8joaeP8QQoCQr8NuYx2dIIytl1QeBEZHJ9uW6hebsrYgbz8hJwUQao3TWCMtmfV8Nu1twOLAw=="],

    "@jsr/cliffy__flags": ["@jsr/cliffy__flags@1.1.0", "https://npm.jsr.io/~/11/@jsr/cliffy__flags/1.1.0.tgz", { "dependencies": { "@jsr/cliffy__internal": "1.1.0", "@jsr/std__text": "^1.0.17" } }, "sha512-AMMgRimUU7pFwNeLiXFniSO5CzUaqnX2GvuozTyRnAlYY57CW50/xyf+aSByhJ8wY2N1EBqMfPb/fvSQTzqWUw=="],

    "@jsr/cliffy__internal": ["@jsr/cliffy__internal@1.1.0", "https://npm.jsr.io/~/11/@jsr/cliffy__internal/1.1.0.tgz", { "dependencies": { "@jsr/std__fmt": "^1.0.9" } }, "sha512-LbzAtG4uPOWwhT+fXmPrYXwdpsBZr/wDvnpAFqW656Vput4Ffn7RmDCTOB4jnjmFvhX9fPnamL9NdGwOipLyGA=="],

    "@jsr/cliffy__table": ["@jsr/cliffy__table@1.1.0", "https://npm.jsr.io/~/11/@jsr/cliffy__table/1.1.0.tgz", { "dependencies": { "@jsr/std__fmt": "^1.0.9" } }, "sha512-EYKlk3L0mpJoJYD27+BlaLsjaTGbcG6Sun+HffbSRcxGD1xCuldKPynFKmsoos967OAAeYfOlrjJeD93Y//Ucg=="],

    "@jsr/std__bytes": ["@jsr/std__bytes@1.0.6", "https://npm.jsr.io/~/11/@jsr/std__bytes/1.0.6.tgz", {}, "sha512-St6yKggjFGhxS52IFLJWvkchRFbAKg2Xh8UxA4S1EGz7GJ2Ui+ssDDldj/w2c8vCxvl6qgR0HaYbKeFJNqujmA=="],

    "@jsr/std__encoding": ["@jsr/std__encoding@1.0.10", "https://npm.jsr.io/~/11/@jsr/std__encoding/1.0.10.tgz", {}, "sha512-WK2njnDTyKefroRNk2Ooq7GStp6Y0ccAvr4To+Z/zecRAGe7+OSvH9DbiaHpAKwEi2KQbmpWMOYsdNt+TsdmSw=="],

    "@jsr/std__fmt": ["@jsr/std__fmt@1.0.10", "https://npm.jsr.io/~/11/@jsr/std__fmt/1.0.10.tgz", {}, "sha512-Q2N8XDNkh/c1IKTi+sO4Vm64M5m4W0o47qTURmMX0vgHm9AJ6jL7jEQ2kw0M1T2rBZiwAY78eUbYzFyOYWaCqQ=="],

    "@jsr/std__io": ["@jsr/std__io@0.225.3", "https://npm.jsr.io/~/11/@jsr/std__io/0.225.3.tgz", { "dependencies": { "@jsr/std__bytes": "^1.0.6" } }, "sha512-IDXY253ipW6FV34CJVxO+3ubfvSEEzw9N2W303KnLe9K/Y9+v/ID1dQYf9VsCCOFMpFtCmOLqzIZsRqv6yQnWw=="],

    "@jsr/std__regexp": ["@jsr/std__regexp@1.0.2", "https://npm.jsr.io/~/11/@jsr/std__regexp/1.0.2.tgz", {}, "sha512-wvJnzBWsPW4YLdAhCSggh4NyNia/qtzsuJr0kSYuqUBtvOU/RsI/WKB5lu7ehlzuZ5Sy+efr0ACyogCCZmw0YQ=="],

    "@jsr/std__semver": ["@jsr/std__semver@1.0.8", "https://npm.jsr.io/~/11/@jsr/std__semver/1.0.8.tgz", {}, "sha512-YhkykPU2Majz66e+rQbP0okYc7kKv+U32aguLPCXZZAL+vEVmBA+khHjPHhLBpWR073gzU3WHqGRgB7a/aXCjg=="],

    "@jsr/std__text": ["@jsr/std__text@1.0.19", "https://npm.jsr.io/~/11/@jsr/std__text/1.0.19.tgz", { "dependencies": { "@jsr/std__regexp": "^1.0.2" } }, "sha512-OIXUoD4gty+GH+ZOpe7LT1jVr+31ctOoIoxBzLN1m3fvAOtqWyEz6Ap3NwDiuEgHpAIMz/O5L2SKDr0F2bChCA=="],

    "@noble/ciphers": ["@noble/ciphers@1.3.0", "", {}, "sha512-2I0gnIVPtfnMw9ee9h1dJG7tp81+8Ob3OJb3Mv37rx5L40/b0i7djjCVvGOVqc9AEIQyvyu1i6ypKdFw8R8gQw=="],

    "@noble/curves": ["@noble/curves@1.9.7", "", { "dependencies": { "@noble/hashes": "1.8.0" } }, "sha512-gbKGcRUYIjA3/zCCNaWDciTMFI0dCkvou3TL8Zmy5Nc7sJ47a0jtOeZoTaMxkuqRo9cRhjOdZJXegxYE5FN/xw=="],

    "@noble/hashes": ["@noble/hashes@1.8.0", "", {}, "sha512-jCs9ldd7NwzpgXDIf6P3+NrHh9/sD6CQdxHyjQI+h/6rDNo88ypBxxz45UDuZHz9r3tNz7N/VInSVoVdtXEI4A=="],

    "@rollup/rollup-android-arm-eabi": ["@rollup/rollup-android-arm-eabi@4.59.0", "", { "os": "android", "cpu": "arm" }, "sha512-upnNBkA6ZH2VKGcBj9Fyl9IGNPULcjXRlg0LLeaioQWueH30p6IXtJEbKAgvyv+mJaMxSm1l6xwDXYjpEMiLMg=="],

    "@rollup/rollup-android-arm64": ["@rollup/rollup-android-arm64@4.59.0", "", { "os": "android", "cpu": "arm64" }, "sha512-hZ+Zxj3SySm4A/DylsDKZAeVg0mvi++0PYVceVyX7hemkw7OreKdCvW2oQ3T1FMZvCaQXqOTHb8qmBShoqk69Q=="],

    "@rollup/rollup-darwin-arm64": ["@rollup/rollup-darwin-arm64@4.59.0", "", { "os": "darwin", "cpu": "arm64" }, "sha512-W2Psnbh1J8ZJw0xKAd8zdNgF9HRLkdWwwdWqubSVk0pUuQkoHnv7rx4GiF9rT4t5DIZGAsConRE3AxCdJ4m8rg=="],

    "@rollup/rollup-darwin-x64": ["@rollup/rollup-darwin-x64@4.59.0", "", { "os": "darwin", "cpu": "x64" }, "sha512-ZW2KkwlS4lwTv7ZVsYDiARfFCnSGhzYPdiOU4IM2fDbL+QGlyAbjgSFuqNRbSthybLbIJ915UtZBtmuLrQAT/w=="],

    "@rollup/rollup-freebsd-arm64": ["@rollup/rollup-freebsd-arm64@4.59.0", "", { "os": "freebsd", "cpu": "arm64" }, "sha512-EsKaJ5ytAu9jI3lonzn3BgG8iRBjV4LxZexygcQbpiU0wU0ATxhNVEpXKfUa0pS05gTcSDMKpn3Sx+QB9RlTTA=="],

    "@rollup/rollup-freebsd-x64": ["@rollup/rollup-freebsd-x64@4.59.0", "", { "os": "freebsd", "cpu": "x64" }, "sha512-d3DuZi2KzTMjImrxoHIAODUZYoUUMsuUiY4SRRcJy6NJoZ6iIqWnJu9IScV9jXysyGMVuW+KNzZvBLOcpdl3Vg=="],

    "@rollup/rollup-linux-arm-gnueabihf": ["@rollup/rollup-linux-arm-gnueabihf@4.59.0", "", { "os": "linux", "cpu": "arm" }, "sha512-t4ONHboXi/3E0rT6OZl1pKbl2Vgxf9vJfWgmUoCEVQVxhW6Cw/c8I6hbbu7DAvgp82RKiH7TpLwxnJeKv2pbsw=="],

    "@rollup/rollup-linux-arm-musleabihf": ["@rollup/rollup-linux-arm-musleabihf@4.59.0", "", { "os": "linux", "cpu": "arm" }, "sha512-CikFT7aYPA2ufMD086cVORBYGHffBo4K8MQ4uPS/ZnY54GKj36i196u8U+aDVT2LX4eSMbyHtyOh7D7Zvk2VvA=="],

    "@rollup/rollup-linux-arm64-gnu": ["@rollup/rollup-linux-arm64-gnu@4.59.0", "", { "os": "linux", "cpu": "arm64" }, "sha512-jYgUGk5aLd1nUb1CtQ8E+t5JhLc9x5WdBKew9ZgAXg7DBk0ZHErLHdXM24rfX+bKrFe+Xp5YuJo54I5HFjGDAA=="],

    "@rollup/rollup-linux-arm64-musl": ["@rollup/rollup-linux-arm64-musl@4.59.0", "", { "os": "linux", "cpu": "arm64" }, "sha512-peZRVEdnFWZ5Bh2KeumKG9ty7aCXzzEsHShOZEFiCQlDEepP1dpUl/SrUNXNg13UmZl+gzVDPsiCwnV1uI0RUA=="],

    "@rollup/rollup-linux-loong64-gnu": ["@rollup/rollup-linux-loong64-gnu@4.59.0", "", { "os": "linux", "cpu": "none" }, "sha512-gbUSW/97f7+r4gHy3Jlup8zDG190AuodsWnNiXErp9mT90iCy9NKKU0Xwx5k8VlRAIV2uU9CsMnEFg/xXaOfXg=="],

    "@rollup/rollup-linux-loong64-musl": ["@rollup/rollup-linux-loong64-musl@4.59.0", "", { "os": "linux", "cpu": "none" }, "sha512-yTRONe79E+o0FWFijasoTjtzG9EBedFXJMl888NBEDCDV9I2wGbFFfJQQe63OijbFCUZqxpHz1GzpbtSFikJ4Q=="],

    "@rollup/rollup-linux-ppc64-gnu": ["@rollup/rollup-linux-ppc64-gnu@4.59.0", "", { "os": "linux", "cpu": "ppc64" }, "sha512-sw1o3tfyk12k3OEpRddF68a1unZ5VCN7zoTNtSn2KndUE+ea3m3ROOKRCZxEpmT9nsGnogpFP9x6mnLTCaoLkA=="],

    "@rollup/rollup-linux-ppc64-musl": ["@rollup/rollup-linux-ppc64-musl@4.59.0", "", { "os": "linux", "cpu": "ppc64" }, "sha512-+2kLtQ4xT3AiIxkzFVFXfsmlZiG5FXYW7ZyIIvGA7Bdeuh9Z0aN4hVyXS/G1E9bTP/vqszNIN/pUKCk/BTHsKA=="],

    "@rollup/rollup-linux-riscv64-gnu": ["@rollup/rollup-linux-riscv64-gnu@4.59.0", "", { "os": "linux", "cpu": "none" }, "sha512-NDYMpsXYJJaj+I7UdwIuHHNxXZ/b/N2hR15NyH3m2qAtb/hHPA4g4SuuvrdxetTdndfj9b1WOmy73kcPRoERUg=="],

    "@rollup/rollup-linux-riscv64-musl": ["@rollup/rollup-linux-riscv64-musl@4.59.0", "", { "os": "linux", "cpu": "none" }, "sha512-nLckB8WOqHIf1bhymk+oHxvM9D3tyPndZH8i8+35p/1YiVoVswPid2yLzgX7ZJP0KQvnkhM4H6QZ5m0LzbyIAg=="],

    "@rollup/rollup-linux-s390x-gnu": ["@rollup/rollup-linux-s390x-gnu@4.59.0", "", { "os": "linux", "cpu": "s390x" }, "sha512-oF87Ie3uAIvORFBpwnCvUzdeYUqi2wY6jRFWJAy1qus/udHFYIkplYRW+wo+GRUP4sKzYdmE1Y3+rY5Gc4ZO+w=="],

    "@rollup/rollup-linux-x64-gnu": ["@rollup/rollup-linux-x64-gnu@4.59.0", "", { "os": "linux", "cpu": "x64" }, "sha512-3AHmtQq/ppNuUspKAlvA8HtLybkDflkMuLK4DPo77DfthRb71V84/c4MlWJXixZz4uruIH4uaa07IqoAkG64fg=="],

    "@rollup/rollup-linux-x64-musl": ["@rollup/rollup-linux-x64-musl@4.59.0", "", { "os": "linux", "cpu": "x64" }, "sha512-2UdiwS/9cTAx7qIUZB/fWtToJwvt0Vbo0zmnYt7ED35KPg13Q0ym1g442THLC7VyI6JfYTP4PiSOWyoMdV2/xg=="],

    "@rollup/rollup-openbsd-x64": ["@rollup/rollup-openbsd-x64@4.59.0", "", { "os": "openbsd", "cpu": "x64" }, "sha512-M3bLRAVk6GOwFlPTIxVBSYKUaqfLrn8l0psKinkCFxl4lQvOSz8ZrKDz2gxcBwHFpci0B6rttydI4IpS4IS/jQ=="],

    "@rollup/rollup-openharmony-arm64": ["@rollup/rollup-openharmony-arm64@4.59.0", "", { "os": "none", "cpu": "arm64" }, "sha512-tt9KBJqaqp5i5HUZzoafHZX8b5Q2Fe7UjYERADll83O4fGqJ49O1FsL6LpdzVFQcpwvnyd0i+K/VSwu/o/nWlA=="],

    "@rollup/rollup-win32-arm64-msvc": ["@rollup/rollup-win32-arm64-msvc@4.59.0", "", { "os": "win32", "cpu": "arm64" }, "sha512-V5B6mG7OrGTwnxaNUzZTDTjDS7F75PO1ae6MJYdiMu60sq0CqN5CVeVsbhPxalupvTX8gXVSU9gq+Rx1/hvu6A=="],

    "@rollup/rollup-win32-ia32-msvc": ["@rollup/rollup-win32-ia32-msvc@4.59.0", "", { "os": "win32", "cpu": "ia32" }, "sha512-UKFMHPuM9R0iBegwzKF4y0C4J9u8C6MEJgFuXTBerMk7EJ92GFVFYBfOZaSGLu6COf7FxpQNqhNS4c4icUPqxA=="],

    "@rollup/rollup-win32-x64-gnu": ["@rollup/rollup-win32-x64-gnu@4.59.0", "", { "os": "win32", "cpu": "x64" }, "sha512-laBkYlSS1n2L8fSo1thDNGrCTQMmxjYY5G0WFWjFFYZkKPjsMBsgJfGf4TLxXrF6RyhI60L8TMOjBMvXiTcxeA=="],

    "@rollup/rollup-win32-x64-msvc": ["@rollup/rollup-win32-x64-msvc@4.59.0", "", { "os": "win32", "cpu": "x64" }, "sha512-2HRCml6OztYXyJXAvdDXPKcawukWY2GpR5/nxKp4iBgiO3wcoEGkAaqctIbZcNB6KlUQBIqt8VYkNSj2397EfA=="],

    "@standard-schema/spec": ["@standard-schema/spec@1.1.0", "", {}, "sha512-l2aFy5jALhniG5HgqrD6jXLi/rUWrKvqN/qJx6yoJsgKhblVd+iqqU4RCXavm/jPityDo5TCvKMnpjKnOriy0w=="],

    "@types/chai": ["@types/chai@5.2.3", "", { "dependencies": { "@types/deep-eql": "4.0.2", "assertion-error": "2.0.1" } }, "sha512-Mw558oeA9fFbv65/y4mHtXDs9bPnFMZAL/jxdPFUpOHHIXX91mcgEHbS5Lahr+pwZFR8A7GQleRWeI6cGFC2UA=="],

    "@types/deep-eql": ["@types/deep-eql@4.0.2", "", {}, "sha512-c9h9dVVMigMPc4bwTvC5dxqtqJZwQPePsWjPlpSOnojbor6pGqdk541lfA7AqFQr5pB1BRdq0juY9db81BwyFw=="],

    "@types/estree": ["@types/estree@1.0.8", "", {}, "sha512-dWHzHa2WqEXI/O1E9OjrocMTKJl2mSrEolh1Iomrv6U+JuNwaHXsXx9bLu5gG7BUWFIN0skIQJQ/L1rIex4X6w=="],

    "@types/js-yaml": ["@types/js-yaml@4.0.9", "", {}, "sha512-k4MGaQl5TGo/iipqb2UDG2UwjXziSWkh0uysQelTlJpX1qGlpUZYm8PnO4DxG1qBomtJUdYJ6qR6xdIah10JLg=="],

    "@types/luxon": ["@types/luxon@3.7.1", "", {}, "sha512-H3iskjFIAn5SlJU7OuxUmTEpebK6TKB8rxZShDslBMZJ5u9S//KM1sbdAisiSrqwLQncVjnpi2OK2J51h+4lsg=="],

    "@types/marked": ["@types/marked@6.0.0", "", { "dependencies": { "marked": "17.0.4" } }, "sha512-jmjpa4BwUsmhxcfsgUit/7A9KbrC48Q0q8KvnY107ogcjGgTFDlIL3RpihNpx2Mu1hM4mdFQjoVc4O6JoGKHsA=="],

    "@types/node": ["@types/node@25.3.5", "", { "dependencies": { "undici-types": "7.18.2" } }, "sha512-oX8xrhvpiyRCQkG1MFchB09f+cXftgIXb3a7UUa4Y3wpmZPw5tyZGTLWhlESOLq1Rq6oDlc8npVU2/9xiCuXMA=="],

    "@vitest/coverage-v8": ["@vitest/coverage-v8@4.0.18", "", { "dependencies": { "@bcoe/v8-coverage": "1.0.2", "@vitest/utils": "4.0.18", "ast-v8-to-istanbul": "0.3.12", "istanbul-lib-coverage": "3.2.2", "istanbul-lib-report": "3.0.1", "istanbul-reports": "3.2.0", "magicast": "0.5.2", "obug": "2.1.1", "std-env": "3.10.0", "tinyrainbow": "3.0.3" }, "peerDependencies": { "vitest": "4.0.18" } }, "sha512-7i+N2i0+ME+2JFZhfuz7Tg/FqKtilHjGyGvoHYQ6iLV0zahbsJ9sljC9OcFcPDbhYKCet+sG8SsVqlyGvPflZg=="],

    "@vitest/expect": ["@vitest/expect@4.0.18", "", { "dependencies": { "@standard-schema/spec": "1.1.0", "@types/chai": "5.2.3", "@vitest/spy": "4.0.18", "@vitest/utils": "4.0.18", "chai": "6.2.2", "tinyrainbow": "3.0.3" } }, "sha512-8sCWUyckXXYvx4opfzVY03EOiYVxyNrHS5QxX3DAIi5dpJAAkyJezHCP77VMX4HKA2LDT/Jpfo8i2r5BE3GnQQ=="],

    "@vitest/mocker": ["@vitest/mocker@4.0.18", "", { "dependencies": { "@vitest/spy": "4.0.18", "estree-walker": "3.0.3", "magic-string": "0.30.21" }, "optionalDependencies": { "vite": "7.3.1" } }, "sha512-HhVd0MDnzzsgevnOWCBj5Otnzobjy5wLBe4EdeeFGv8luMsGcYqDuFRMcttKWZA5vVO8RFjexVovXvAM4JoJDQ=="],

    "@vitest/pretty-format": ["@vitest/pretty-format@4.0.18", "", { "dependencies": { "tinyrainbow": "3.0.3" } }, "sha512-P24GK3GulZWC5tz87ux0m8OADrQIUVDPIjjj65vBXYG17ZeU3qD7r+MNZ1RNv4l8CGU2vtTRqixrOi9fYk/yKw=="],

    "@vitest/runner": ["@vitest/runner@4.0.18", "", { "dependencies": { "@vitest/utils": "4.0.18", "pathe": "2.0.3" } }, "sha512-rpk9y12PGa22Jg6g5M3UVVnTS7+zycIGk9ZNGN+m6tZHKQb7jrP7/77WfZy13Y/EUDd52NDsLRQhYKtv7XfPQw=="],

    "@vitest/snapshot": ["@vitest/snapshot@4.0.18", "", { "dependencies": { "@vitest/pretty-format": "4.0.18", "magic-string": "0.30.21", "pathe": "2.0.3" } }, "sha512-PCiV0rcl7jKQjbgYqjtakly6T1uwv/5BQ9SwBLekVg/EaYeQFPiXcgrC2Y7vDMA8dM1SUEAEV82kgSQIlXNMvA=="],

    "@vitest/spy": ["@vitest/spy@4.0.18", "", {}, "sha512-cbQt3PTSD7P2OARdVW3qWER5EGq7PHlvE+QfzSC0lbwO+xnt7+XH06ZzFjFRgzUX//JmpxrCu92VdwvEPlWSNw=="],

    "@vitest/utils": ["@vitest/utils@4.0.18", "", { "dependencies": { "@vitest/pretty-format": "4.0.18", "tinyrainbow": "3.0.3" } }, "sha512-msMRKLMVLWygpK3u2Hybgi4MNjcYJvwTb0Ru09+fOyCXIgT5raYP041DRRdiJiI3k/2U6SEbAETB3YtBrUkCFA=="],

    "ansi-colors": ["ansi-colors@4.1.3", "", {}, "sha512-/6w/C21Pm1A7aZitlI5Ni/2J6FFQN8i1Cvz3kHABAAbw93v/NlvKdVOqz7CCWz/3iv/JplRSEEZ83XION15ovw=="],

    "ansi-regex": ["ansi-regex@5.0.1", "", {}, "sha512-quJQXlTSUGL2LH9SUXo8VwsY4soanhgo6LNSm84E1LBcE8s3O0wpdiRzyR9z/ZZJMlMWv37qOOb9pdJlMUEKFQ=="],

    "argparse": ["argparse@2.0.1", "", {}, "sha512-8+9WqebbFzpX9OR+Wa6O29asIogeRMzcGtAINdpMHHyAg10f05aSFVBbcEqGf/PXw1EjAZ+q2/bEBg3DvurK3Q=="],

    "assertion-error": ["assertion-error@2.0.1", "", {}, "sha512-Izi8RQcffqCeNVgFigKli1ssklIbpHnCYc6AknXGYoB6grJqyeby7jv12JUQgmTAnIDnbck1uxksT4dzN3PWBA=="],

    "ast-v8-to-istanbul": ["ast-v8-to-istanbul@0.3.12", "", { "dependencies": { "@jridgewell/trace-mapping": "0.3.31", "estree-walker": "3.0.3", "js-tokens": "10.0.0" } }, "sha512-BRRC8VRZY2R4Z4lFIL35MwNXmwVqBityvOIwETtsCSwvjl0IdgFsy9NhdaA6j74nUdtJJlIypeRhpDam19Wq3g=="],

    "chai": ["chai@6.2.2", "", {}, "sha512-NUPRluOfOiTKBKvWPtSD4PhFvWCqOi0BGStNWs57X9js7XGTprSmFoz5F0tWhR4WPjNeR9jXqdC7/UpSJTnlRg=="],

    "cliffy": ["cliffy@2.5.1", "", { "dependencies": { "@types/node": "^6.0.0", "columnify": "^1.5.4", "indent": "0.0.2" } }, "sha512-szBLhc1trGo/7f0MQNheMEqq7AUATu1D1y8sj79jGzmpZKwvz1K4jJ0ne4KpneNA+khm3Ws/a9ol53qBtU2TSA=="],

    "clone": ["clone@1.0.4", "", {}, "sha512-JQHZ2QMW6l3aH/j6xCqQThY/9OH4D/9ls34cgkUBiEeocRTU04tHfKPBsUK1PqZCUQM7GiA0IIXJSuXHI64Kbg=="],

    "columnify": ["columnify@1.6.0", "", { "dependencies": { "strip-ansi": "^6.0.1", "wcwidth": "^1.0.0" } }, "sha512-lomjuFZKfM6MSAnV9aCZC9sc0qGbmZdfygNv+nCpqVkSKdCxCklLtd16O0EILGkImHw9ZpHkAnHaB+8Zxq5W6Q=="],

    "commander": ["commander@11.1.0", "", {}, "sha512-yPVavfyCcRhmorC7rWlkHn15b4wDVgVmBA7kV4QVBsF7kv/9TKJAbAXVTxvTnwP8HHKjRCJDClKbciiYS7p0DQ=="],

    "cross-spawn": ["cross-spawn@7.0.6", "", { "dependencies": { "path-key": "3.1.1", "shebang-command": "2.0.0", "which": "2.0.2" } }, "sha512-uV2QOWP2nWzsy2aMp8aRibhi9dlzF5Hgh5SHaB9OiTGEyDTiJJyx0uy51QXdyWbtAHNua4XJzUKca3OzKUd3vA=="],

    "defaults": ["defaults@1.0.4", "", { "dependencies": { "clone": "^1.0.2" } }, "sha512-eFuaLoy/Rxalv2kr+lqMlUnrDWV+3j4pljOIJgLIhI058IQfWJ7vXhyEIHu+HtC738klGALYxOKDO0bQP3tg8A=="],

    "dotenv": ["dotenv@17.4.2", "", {}, "sha512-nI4U3TottKAcAD9LLud4Cb7b2QztQMUEfHbvhTH09bqXTxnSie8WnjPALV/WMCrJZ6UV/qHJ6L03OqO3LcdYZw=="],

    "eciesjs": ["eciesjs@0.4.18", "", { "dependencies": { "@ecies/ciphers": "^0.2.5", "@noble/ciphers": "^1.3.0", "@noble/curves": "^1.9.7", "@noble/hashes": "^1.8.0" } }, "sha512-wG99Zcfcys9fZux7Cft8BAX/YrOJLJSZ3jyYPfhZHqN2E+Ffx+QXBDsv3gubEgPtV6dTzJMSQUwk1H98/t/0wQ=="],

    "enquirer": ["enquirer@2.4.1", "", { "dependencies": { "ansi-colors": "^4.1.1", "strip-ansi": "^6.0.1" } }, "sha512-rRqJg/6gd538VHvR3PSrdRBb/1Vy2YfzHqzvbhGIQpDRKIa4FgV/54b5Q1xYSxOOwKvjXweS26E0Q+nAMwp2pQ=="],

    "es-module-lexer": ["es-module-lexer@1.7.0", "", {}, "sha512-jEQoCwk8hyb2AZziIOLhDqpm5+2ww5uIE6lkO/6jcOCusfk6LhMHpXXfBLXTZ7Ydyt0j4VoUQv6uGNYbdW+kBA=="],

    "esbuild": ["esbuild@0.27.3", "", { "optionalDependencies": { "@esbuild/aix-ppc64": "0.27.3", "@esbuild/android-arm": "0.27.3", "@esbuild/android-arm64": "0.27.3", "@esbuild/android-x64": "0.27.3", "@esbuild/darwin-arm64": "0.27.3", "@esbuild/darwin-x64": "0.27.3", "@esbuild/freebsd-arm64": "0.27.3", "@esbuild/freebsd-x64": "0.27.3", "@esbuild/linux-arm": "0.27.3", "@esbuild/linux-arm64": "0.27.3", "@esbuild/linux-ia32": "0.27.3", "@esbuild/linux-loong64": "0.27.3", "@esbuild/linux-mips64el": "0.27.3", "@esbuild/linux-ppc64": "0.27.3", "@esbuild/linux-riscv64": "0.27.3", "@esbuild/linux-s390x": "0.27.3", "@esbuild/linux-x64": "0.27.3", "@esbuild/netbsd-arm64": "0.27.3", "@esbuild/netbsd-x64": "0.27.3", "@esbuild/openbsd-arm64": "0.27.3", "@esbuild/openbsd-x64": "0.27.3", "@esbuild/openharmony-arm64": "0.27.3", "@esbuild/sunos-x64": "0.27.3", "@esbuild/win32-arm64": "0.27.3", "@esbuild/win32-ia32": "0.27.3", "@esbuild/win32-x64": "0.27.3" }, "bin": { "esbuild": "bin/esbuild" } }, "sha512-8VwMnyGCONIs6cWue2IdpHxHnAjzxnw2Zr7MkVxB2vjmQ2ivqGFb4LEG3SMnv0Gb2F/G/2yA8zUaiL1gywDCCg=="],

    "estree-walker": ["estree-walker@3.0.3", "", { "dependencies": { "@types/estree": "1.0.8" } }, "sha512-7RUKfXgSMMkzt6ZuXmqapOurLGPPfgj6l9uRZ7lRGolvk0y2yocc35LdcxKC5PQZdn2DMqioAQ2NoWcrTKmm6g=="],

    "execa": ["execa@5.1.1", "", { "dependencies": { "cross-spawn": "^7.0.3", "get-stream": "^6.0.0", "human-signals": "^2.1.0", "is-stream": "^2.0.0", "merge-stream": "^2.0.0", "npm-run-path": "^4.0.1", "onetime": "^5.1.2", "signal-exit": "^3.0.3", "strip-final-newline": "^2.0.0" } }, "sha512-8uSpZZocAZRBAPIEINJj3Lo9HyGitllczc27Eh5YYojjMFMn8yHMDMaUHE2Jqfq05D/wucwI4JGURyXt1vchyg=="],

    "expect-type": ["expect-type@1.3.0", "", {}, "sha512-knvyeauYhqjOYvQ66MznSMs83wmHrCycNEN6Ao+2AeYEfxUIkuiVxdEa1qlGEPK+We3n0THiDciYSsCcgW/DoA=="],

    "fdir": ["fdir@6.5.0", "", { "optionalDependencies": { "picomatch": "4.0.3" } }, "sha512-tIbYtZbucOs0BRGqPJkshJUYdL+SDH7dVM8gjy+ERp3WAUjLEFJE+02kanyHtwjWOnwrKYBiwAmM0p4kLJAnXg=="],

    "fsevents": ["fsevents@2.3.3", "", { "os": "darwin" }, "sha512-5xoDfX+fL7faATnagmWPpbFtwh/R77WmMMqqHGS65C3vvB0YHrgF+B1YmZ3441tMj5n63k0212XNoJwzlhffQw=="],

    "get-stream": ["get-stream@6.0.1", "", {}, "sha512-ts6Wi+2j3jQjqi70w5AlN8DFnkSwC+MqmxEzdEALB2qXZYV3X/b1CTfgPLGJNMeAWxdPfU8FO1ms3NUfaHCPYg=="],

    "get-tsconfig": ["get-tsconfig@4.13.6", "", { "dependencies": { "resolve-pkg-maps": "1.0.0" } }, "sha512-shZT/QMiSHc/YBLxxOkMtgSid5HFoauqCE3/exfsEcwg1WkeqjG+V40yBbBrsD+jW2HDXcs28xOfcbm2jI8Ddw=="],

    "has-flag": ["has-flag@4.0.0", "", {}, "sha512-EykJT/Q1KjTWctppgIAgfSO0tKVuZUjhgMr17kqTumMl6Afv3EISleU7qZUzoXDFTAHTDC4NOoG/ZxU3EvlMPQ=="],

    "html-escaper": ["html-escaper@2.0.2", "", {}, "sha512-H2iMtd0I4Mt5eYiapRdIDjp+XzelXQ0tFE4JS7YFwFevXXMmOp9myNrUvCg0D6ws8iqkRPBfKHgbwig1SmlLfg=="],

    "human-signals": ["human-signals@2.1.0", "", {}, "sha512-B4FFZ6q/T2jhhksgkbEW3HBvWIfDW85snkQgawt07S7J5QXTk6BkNV+0yAeZrM5QpMAdYlocGoljn0sJ/WQkFw=="],

    "ignore": ["ignore@5.3.2", "", {}, "sha512-hsBTNUqQTDwkWtcdYI2i06Y/nUBEsNEDJKjWdigLvegy8kDuJAS8uRlpkkcQpyEXL0Z/pjDy5HBmMjRCJ2gq+g=="],

    "indent": ["indent@0.0.2", "", {}, "sha512-/F1w9/msSQCfXDTvEU8rKBObcv4cBN6m8hujC/zwVc8vOuf4b76AwBVGChbg+3o0M3kp1XDjoMDQR5Nh6SAHfA=="],

    "is-stream": ["is-stream@2.0.1", "", {}, "sha512-hFoiJiTl63nn+kstHGBtewWSKnQLpyb155KHheA1l39uvtO9nWIop1p3udqPcUd/xbF1VLMO4n7OI6p7RbngDg=="],

    "isexe": ["isexe@3.1.5", "", {}, "sha512-6B3tLtFqtQS4ekarvLVMZ+X+VlvQekbe4taUkf/rhVO3d/h0M2rfARm/pXLcPEsjjMsFgrFgSrhQIxcSVrBz8w=="],

    "istanbul-lib-coverage": ["istanbul-lib-coverage@3.2.2", "", {}, "sha512-O8dpsF+r0WV/8MNRKfnmrtCWhuKjxrq2w+jpzBL5UZKTi2LeVWnWOmWRxFlesJONmc+wLAGvKQZEOanko0LFTg=="],

    "istanbul-lib-report": ["istanbul-lib-report@3.0.1", "", { "dependencies": { "istanbul-lib-coverage": "3.2.2", "make-dir": "4.0.0", "supports-color": "7.2.0" } }, "sha512-GCfE1mtsHGOELCU8e/Z7YWzpmybrx/+dSTfLrvY8qRmaY6zXTKWn6WQIjaAFw069icm6GVMNkgu0NzI4iPZUNw=="],

    "istanbul-reports": ["istanbul-reports@3.2.0", "", { "dependencies": { "html-escaper": "2.0.2", "istanbul-lib-report": "3.0.1" } }, "sha512-HGYWWS/ehqTV3xN10i23tkPkpH46MLCIMFNCaaKNavAXTF1RkqxawEPtnjnGZ6XKSInBKkiOA5BKS+aZiY3AvA=="],

    "js-tokens": ["js-tokens@10.0.0", "", {}, "sha512-lM/UBzQmfJRo9ABXbPWemivdCW8V2G8FHaHdypQaIy523snUjog0W71ayWXTjiR+ixeMyVHN2XcpnTd/liPg/Q=="],

    "js-yaml": ["js-yaml@4.1.1", "", { "dependencies": { "argparse": "2.0.1" }, "bin": { "js-yaml": "bin/js-yaml.js" } }, "sha512-qQKT4zQxXl8lLwBtHMWwaTcGfFOZviOJet3Oy/xmGk2gZH677CJM9EvtfdSkgWcATZhj/55JZ0rmy3myCT5lsA=="],

    "json-schema-to-ts": ["json-schema-to-ts@3.1.1", "", { "dependencies": { "@babel/runtime": "7.28.6", "ts-algebra": "2.0.0" } }, "sha512-+DWg8jCJG2TEnpy7kOm/7/AxaYoaRbjVB4LFZLySZlWn8exGs3A4OLJR966cVvU26N7X9TWxl+Jsw7dzAqKT6g=="],

    "lefthook": ["lefthook@2.1.9", "", { "optionalDependencies": { "lefthook-darwin-arm64": "2.1.9", "lefthook-darwin-x64": "2.1.9", "lefthook-freebsd-arm64": "2.1.9", "lefthook-freebsd-x64": "2.1.9", "lefthook-linux-arm64": "2.1.9", "lefthook-linux-x64": "2.1.9", "lefthook-openbsd-arm64": "2.1.9", "lefthook-openbsd-x64": "2.1.9", "lefthook-windows-arm64": "2.1.9", "lefthook-windows-x64": "2.1.9" }, "bin": { "lefthook": "bin/index.js" } }, "sha512-bwDaIOViTktE8kJLf9jP0p+H2/RDTlFFlc43Am2YgUsX22hI6Sq4RbzsrecwzY5y+MHTipOH7WsmWSEniePHWQ=="],

    "lefthook-darwin-arm64": ["lefthook-darwin-arm64@2.1.9", "", { "os": "darwin", "cpu": "arm64" }, "sha512-119HryNcvr4nqn0wUIrNPgpMEPn9yMQzEcW/lezRsnb56PCJriJB92+MCySPVcWDxJnZef7o0T3jdnPNiSH7Qg=="],

    "lefthook-darwin-x64": ["lefthook-darwin-x64@2.1.9", "", { "os": "darwin", "cpu": "x64" }, "sha512-dwo5Tke2XcQCM56DGHgFKBfRbJIL6xs2wZ0zG1TUVZgl4t4mQUt6LiZ4V/ZQfYHTZF9qywvXoIlR5N35qOaiVQ=="],

    "lefthook-freebsd-arm64": ["lefthook-freebsd-arm64@2.1.9", "", { "os": "freebsd", "cpu": "arm64" }, "sha512-+09PVap6nl6xsaHch5JLtq7WvIR++U1Q2MzA2ai0M4uB/VP3AqrvKqHw6+9hjyKnIH+HHL83uqi77EAY+LaxLA=="],

    "lefthook-freebsd-x64": ["lefthook-freebsd-x64@2.1.9", "", { "os": "freebsd", "cpu": "x64" }, "sha512-8XresjKIYpkE9ARgCtBEZgJZxAU3T4MIqzj4zNy15XRT59I1Us+QdqXTNm+pkZ41Yd2X/nxs2Pkvbq3NWWlIGw=="],

    "lefthook-linux-arm64": ["lefthook-linux-arm64@2.1.9", "", { "os": "linux", "cpu": "arm64" }, "sha512-1oNIQfwrPe6rgU2KcDM3aF6+hpZDCKx1TmawQKpXUY5gVsbZ7MqX0Sk/1lnnWxqPm+kQQ5f6J2dpFWd+4xH8jg=="],

    "lefthook-linux-x64": ["lefthook-linux-x64@2.1.9", "", { "os": "linux", "cpu": "x64" }, "sha512-fT+7Q+BJyGp+CslFQkNXmdFRgyVXsPHPi9NAsDX0a6QOyNnoORByAsvx6zeAKuF5rL3BBgNfho1/v2RuGxGy9w=="],

    "lefthook-openbsd-arm64": ["lefthook-openbsd-arm64@2.1.9", "", { "os": "openbsd", "cpu": "arm64" }, "sha512-4bVuafBk3dddVNo0+3hMbjcJs4mqYAstxpPMmX2ufkudSTYFNIhWoqwuGVQV/SS/xdcOKJAldW4qayAzed2ysw=="],

    "lefthook-openbsd-x64": ["lefthook-openbsd-x64@2.1.9", "", { "os": "openbsd", "cpu": "x64" }, "sha512-PmPoMmLP/wQQWcQ9u2YH86bTZ3UCfBsxuEmVTEyPU2U8R1qSTp5r/Gs3G8cN5Mxo91XB9oBERtF1n+xD3W6aVA=="],

    "lefthook-windows-arm64": ["lefthook-windows-arm64@2.1.9", "", { "os": "win32", "cpu": "arm64" }, "sha512-KphfkBKmwBnmolyrdhIl3lrBaOyTcCgXBT2AB/9OHnEXhOLvv5uTCUkrD4YRAxXPtFKq6UvnapIeoL3GZq0bdA=="],

    "lefthook-windows-x64": ["lefthook-windows-x64@2.1.9", "", { "os": "win32", "cpu": "x64" }, "sha512-2qlUtkJHZ3MyUxgV5XTEmcrIoNZA07iwaquoswAcqv/1MeBFXlD+O+koFRfrzWng2O5WYEbpJnd8tvaYnV8fTA=="],

    "luxon": ["luxon@3.7.2", "", {}, "sha512-vtEhXh/gNjI9Yg1u4jX/0YVPMvxzHuGgCm6tC5kZyb08yjGWGnqAjGJvcXbqQR2P3MyMEFnRbpcdFS6PBcLqew=="],

    "magic-string": ["magic-string@0.30.21", "", { "dependencies": { "@jridgewell/sourcemap-codec": "1.5.5" } }, "sha512-vd2F4YUyEXKGcLHoq+TEyCjxueSeHnFxyyjNp80yg0XV4vUhnDer/lvvlqM/arB5bXQN5K2/3oinyCRyx8T2CQ=="],

    "magicast": ["magicast@0.5.2", "", { "dependencies": { "@babel/parser": "7.29.0", "@babel/types": "7.29.0", "source-map-js": "1.2.1" } }, "sha512-E3ZJh4J3S9KfwdjZhe2afj6R9lGIN5Pher1pF39UGrXRqq/VDaGVIGN13BjHd2u8B61hArAGOnso7nBOouW3TQ=="],

    "make-dir": ["make-dir@4.0.0", "", { "dependencies": { "semver": "7.7.4" } }, "sha512-hXdUTZYIVOt1Ex//jAQi+wTZZpUpwBj/0QsOzqegb3rGMMeJiSEu5xLHnYfBrRV4RH2+OCSOO95Is/7x1WJ4bw=="],

    "marked": ["marked@17.0.4", "", { "bin": { "marked": "bin/marked.js" } }, "sha512-NOmVMM+KAokHMvjWmC5N/ZOvgmSWuqJB8FoYI019j4ogb/PeRMKoKIjReZ2w3376kkA8dSJIP8uD993Kxc0iRQ=="],

    "merge-stream": ["merge-stream@2.0.0", "", {}, "sha512-abv/qOcuPfk3URPfDzmZU1LKmuw8kT+0nIHvKrKgFrwifol/doWcdA4ZqsWQ8ENrFKkd67Mfpo/LovbIUsbt3w=="],

    "mimic-fn": ["mimic-fn@2.1.0", "", {}, "sha512-OqbOk5oEQeAZ8WXWydlu9HJjz9WVdEIvamMCcXmuqUYjTknH/sqsWvhQ3vgwKFRR1HpjvNBKQ37nbJgYzGqGcg=="],

    "nanoid": ["nanoid@3.3.11", "", { "bin": { "nanoid": "bin/nanoid.cjs" } }, "sha512-N8SpfPUnUp1bK+PMYW8qSWdl9U+wwNWI4QKxOYDy9JAro3WMX7p2OeVRF9v+347pnakNevPmiHhNmZ2HbFA76w=="],

    "npm-run-path": ["npm-run-path@4.0.1", "", { "dependencies": { "path-key": "^3.0.0" } }, "sha512-S48WzZW777zhNIrn7gxOlISNAqi9ZC/uQFnRdbeIHhZhCA6UqpkOT8T1G7BvfdgP4Er8gF4sUbaS0i7QvIfCWw=="],

    "object-treeify": ["object-treeify@1.1.33", "", {}, "sha512-EFVjAYfzWqWsBMRHPMAXLCDIJnpMhdWAqR7xG6M6a2cs6PMFpl/+Z20w9zDW4vkxOFfddegBKq9Rehd0bxWE7A=="],

    "obug": ["obug@2.1.1", "", {}, "sha512-uTqF9MuPraAQ+IsnPf366RG4cP9RtUi7MLO1N3KEc+wb0a6yKpeL0lmk2IB1jY5KHPAlTc6T/JRdC/YqxHNwkQ=="],

    "onetime": ["onetime@5.1.2", "", { "dependencies": { "mimic-fn": "^2.1.0" } }, "sha512-kbpaSSGJTWdAY5KPVeMOKXSrPtr8C8C7wodJbcsd51jRnmD+GZu8Y0VoU6Dm5Z4vWr0Ig/1NKuWRKf7j5aaYSg=="],

    "openai": ["openai@6.27.0", "", { "optionalDependencies": { "zod": "4.4.3" }, "bin": { "openai": "bin/cli" } }, "sha512-osTKySlrdYrLYTt0zjhY8yp0JUBmWDCN+Q+QxsV4xMQnnoVFpylgKGgxwN8sSdTNw0G4y+WUXs4eCMWpyDNWZQ=="],

    "path-key": ["path-key@3.1.1", "", {}, "sha512-ojmeN0qd+y0jszEtoY48r0Peq5dwMEkIlCOu6Q5f41lfkswXuKtYrhgoTpLnyIcHm24Uhqx+5Tqm2InSwLhE6Q=="],

    "pathe": ["pathe@2.0.3", "", {}, "sha512-WUjGcAqP1gQacoQe+OBJsFA7Ld4DyXuUIjZ5cc75cLHvJ7dtNsTugphxIADwspS+AraAUePCKrSVtPLFj/F88w=="],

    "picocolors": ["picocolors@1.1.1", "", {}, "sha512-xceH2snhtb5M9liqDsmEw56le376mTZkEX/jEb/RxNFyegNul7eNslCXP9FDj/Lcu0X8KEyMceP2ntpaHrDEVA=="],

    "picomatch": ["picomatch@4.0.3", "", {}, "sha512-5gTmgEY/sqK6gFXLIsQNH19lWb4ebPDLA4SdLP7dsWkIXHWlG66oPuVvXSGFPppYZz8ZDZq0dYYrbHfBCVUb1Q=="],

    "postcss": ["postcss@8.5.8", "", { "dependencies": { "nanoid": "3.3.11", "picocolors": "1.1.1", "source-map-js": "1.2.1" } }, "sha512-OW/rX8O/jXnm82Ey1k44pObPtdblfiuWnrd8X7GJ7emImCOstunGbXUpp7HdBrFQX6rJzn3sPT397Wp5aCwCHg=="],

    "resolve-pkg-maps": ["resolve-pkg-maps@1.0.0", "", {}, "sha512-seS2Tj26TBVOC2NIc2rOe2y2ZO7efxITtLZcGSOnHHNOQ7CkiUBfw0Iw2ck6xkIhPwLhKNLS8BO+hEpngQlqzw=="],

    "rollup": ["rollup@4.59.0", "", { "dependencies": { "@types/estree": "1.0.8" }, "optionalDependencies": { "@rollup/rollup-android-arm-eabi": "4.59.0", "@rollup/rollup-android-arm64": "4.59.0", "@rollup/rollup-darwin-arm64": "4.59.0", "@rollup/rollup-darwin-x64": "4.59.0", "@rollup/rollup-freebsd-arm64": "4.59.0", "@rollup/rollup-freebsd-x64": "4.59.0", "@rollup/rollup-linux-arm-gnueabihf": "4.59.0", "@rollup/rollup-linux-arm-musleabihf": "4.59.0", "@rollup/rollup-linux-arm64-gnu": "4.59.0", "@rollup/rollup-linux-arm64-musl": "4.59.0", "@rollup/rollup-linux-loong64-gnu": "4.59.0", "@rollup/rollup-linux-loong64-musl": "4.59.0", "@rollup/rollup-linux-ppc64-gnu": "4.59.0", "@rollup/rollup-linux-ppc64-musl": "4.59.0", "@rollup/rollup-linux-riscv64-gnu": "4.59.0", "@rollup/rollup-linux-riscv64-musl": "4.59.0", "@rollup/rollup-linux-s390x-gnu": "4.59.0", "@rollup/rollup-linux-x64-gnu": "4.59.0", "@rollup/rollup-linux-x64-musl": "4.59.0", "@rollup/rollup-openbsd-x64": "4.59.0", "@rollup/rollup-openharmony-arm64": "4.59.0", "@rollup/rollup-win32-arm64-msvc": "4.59.0", "@rollup/rollup-win32-ia32-msvc": "4.59.0", "@rollup/rollup-win32-x64-gnu": "4.59.0", "@rollup/rollup-win32-x64-msvc": "4.59.0", "fsevents": "2.3.3" }, "bin": { "rollup": "dist/bin/rollup" } }, "sha512-2oMpl67a3zCH9H79LeMcbDhXW/UmWG/y2zuqnF2jQq5uq9TbM9TVyXvA4+t+ne2IIkBdrLpAaRQAvo7YI/Yyeg=="],

    "semver": ["semver@7.7.4", "", { "bin": { "semver": "bin/semver.js" } }, "sha512-vFKC2IEtQnVhpT78h1Yp8wzwrf8CM+MzKMHGJZfBtzhZNycRFnXsHk6E5TxIkkMsgNS7mdX3AGB7x2QM2di4lA=="],

    "shebang-command": ["shebang-command@2.0.0", "", { "dependencies": { "shebang-regex": "3.0.0" } }, "sha512-kHxr2zZpYtdmrN1qDjrrX/Z1rR1kG8Dx+gkpK1G4eXmvXswmcE1hTWBWYUzlraYw1/yZp6YuDY77YtvbN0dmDA=="],

    "shebang-regex": ["shebang-regex@3.0.0", "", {}, "sha512-7++dFhtcx3353uBaq8DDR4NuxBetBzC7ZQOhmTQInHEd6bSrXdiEyzCvG07Z44UYdLShWUyXt5M/yhz8ekcb1A=="],

    "siginfo": ["siginfo@2.0.0", "", {}, "sha512-ybx0WO1/8bSBLEWXZvEd7gMW3Sn3JFlW3TvX1nREbDLRNQNaeNN8WK0meBwPdAaOI7TtRRRJn/Es1zhrrCHu7g=="],

    "signal-exit": ["signal-exit@3.0.7", "", {}, "sha512-wnD2ZE+l+SPC/uoS0vXeE9L1+0wuaMqKlfz9AMUo38JsyLSBWSFcHR1Rri62LZc12vLr1gb3jl7iwQhgwpAbGQ=="],

    "source-map-js": ["source-map-js@1.2.1", "", {}, "sha512-UXWMKhLOwVKb728IUtQPXxfYU+usdybtUrK/8uGE8CQMvrhOpwvzDBwj0QhSL7MQc7vIsISBG8VQ8+IDQxpfQA=="],

    "stackback": ["stackback@0.0.2", "", {}, "sha512-1XMJE5fQo1jGH6Y/7ebnwPOBEkIEnT4QF32d5R1+VXdXveM0IBMJt8zfaxX1P3QhVwrYe+576+jkANtSS2mBbw=="],

    "std-env": ["std-env@3.10.0", "", {}, "sha512-5GS12FdOZNliM5mAOxFRg7Ir0pWz8MdpYm6AY6VPkGpbA7ZzmbzNcBJQ0GPvvyWgcY7QAhCgf9Uy89I03faLkg=="],

    "strip-ansi": ["strip-ansi@6.0.1", "", { "dependencies": { "ansi-regex": "^5.0.1" } }, "sha512-Y38VPSHcqkFrCpFnQ9vuSXmquuv5oXOKpGeT6aGrr3o3Gc9AlVa6JBfUSOCnbxGGZF+/0ooI7KrPuUSztUdU5A=="],

    "strip-final-newline": ["strip-final-newline@2.0.0", "", {}, "sha512-BrpvfNAE3dcvq7ll3xVumzjKjZQ5tI1sEUIKr3Uoks0XUl45St3FlatVqef9prk4jRDzhW6WZg+3bk93y6pLjA=="],

    "supports-color": ["supports-color@7.2.0", "", { "dependencies": { "has-flag": "4.0.0" } }, "sha512-qpCAvRl9stuOHveKsn7HncJRvv501qIacKzQlO/+Lwxc9+0q2wLyv4Dfvt80/DPn2pqOBsJdDiogXGR9+OvwRw=="],

    "tinybench": ["tinybench@2.9.0", "", {}, "sha512-0+DUvqWMValLmha6lr4kD8iAMK1HzV0/aKnCtWb9v9641TnP/MFb7Pc2bxoxQjTXAErryXVgUOfv2YqNllqGeg=="],

    "tinyexec": ["tinyexec@1.0.2", "", {}, "sha512-W/KYk+NFhkmsYpuHq5JykngiOCnxeVL8v8dFnqxSD8qEEdRfXk1SDM6JzNqcERbcGYj9tMrDQBYV9cjgnunFIg=="],

    "tinyglobby": ["tinyglobby@0.2.15", "", { "dependencies": { "fdir": "6.5.0", "picomatch": "4.0.3" } }, "sha512-j2Zq4NyQYG5XMST4cbs02Ak8iJUdxRM0XI5QyxXuZOzKOINmWurp3smXu3y5wDcJrptwpSjgXHzIQxR0omXljQ=="],

    "tinyrainbow": ["tinyrainbow@3.0.3", "", {}, "sha512-PSkbLUoxOFRzJYjjxHJt9xro7D+iilgMX/C9lawzVuYiIdcihh9DXmVibBe8lmcFrRi/VzlPjBxbN7rH24q8/Q=="],

    "ts-algebra": ["ts-algebra@2.0.0", "", {}, "sha512-FPAhNPFMrkwz76P7cdjdmiShwMynZYN6SgOujD1urY4oNm80Ou9oMdmbR45LotcKOXoy7wSmHkRFE6Mxbrhefw=="],

    "tsx": ["tsx@4.21.0", "", { "dependencies": { "esbuild": "0.27.3", "get-tsconfig": "4.13.6" }, "optionalDependencies": { "fsevents": "2.3.3" }, "bin": { "tsx": "dist/cli.mjs" } }, "sha512-5C1sg4USs1lfG0GFb2RLXsdpXqBSEhAaA/0kPL01wxzpMqLILNxIxIOKiILz+cdg/pLnOUxFYOR5yhHU666wbw=="],

    "typescript": ["typescript@5.9.3", "", { "bin": { "tsc": "bin/tsc", "tsserver": "bin/tsserver" } }, "sha512-jl1vZzPDinLr9eUt3J/t7V6FgNEw9QjvBPdysz9KfQDD41fQrC2Y4vKQdiaUpFT4bXlb1RHhLpp8wtm6M5TgSw=="],

    "undici-types": ["undici-types@7.18.2", "", {}, "sha512-AsuCzffGHJybSaRrmr5eHr81mwJU3kjw6M+uprWvCXiNeN9SOGwQ3Jn8jb8m3Z6izVgknn1R0FTCEAP2QrLY/w=="],

    "vite": ["vite@7.3.1", "", { "dependencies": { "esbuild": "0.27.3", "fdir": "6.5.0", "picomatch": "4.0.3", "postcss": "8.5.8", "rollup": "4.59.0", "tinyglobby": "0.2.15" }, "optionalDependencies": { "@types/node": "25.3.5", "fsevents": "2.3.3", "tsx": "4.21.0" }, "bin": { "vite": "bin/vite.js" } }, "sha512-w+N7Hifpc3gRjZ63vYBXA56dvvRlNWRczTdmCBBa+CotUzAPf5b7YMdMR/8CQoeYE5LX3W4wj6RYTgonm1b9DA=="],

    "vitest": ["vitest@4.0.18", "", { "dependencies": { "@vitest/expect": "4.0.18", "@vitest/mocker": "4.0.18", "@vitest/pretty-format": "4.0.18", "@vitest/runner": "4.0.18", "@vitest/snapshot": "4.0.18", "@vitest/spy": "4.0.18", "@vitest/utils": "4.0.18", "es-module-lexer": "1.7.0", "expect-type": "1.3.0", "magic-string": "0.30.21", "obug": "2.1.1", "pathe": "2.0.3", "picomatch": "4.0.3", "std-env": "3.10.0", "tinybench": "2.9.0", "tinyexec": "1.0.2", "tinyglobby": "0.2.15", "tinyrainbow": "3.0.3", "vite": "7.3.1", "why-is-node-running": "2.3.0" }, "optionalDependencies": { "@types/node": "25.3.5" }, "bin": { "vitest": "vitest.mjs" } }, "sha512-hOQuK7h0FGKgBAas7v0mSAsnvrIgAvWmRFjmzpJ7SwFHH3g1k2u37JtYwOwmEKhK6ZO3v9ggDBBm0La1LCK4uQ=="],

    "wcwidth": ["wcwidth@1.0.1", "", { "dependencies": { "defaults": "^1.0.3" } }, "sha512-XHPEwS0q6TaxcvG85+8EYkbiCux2XtWG2mkc47Ng2A77BQu9+DqIOJldST4HgPkuea7dvKSj5VgX3P1d4rW8Tg=="],

    "which": ["which@4.0.0", "", { "dependencies": { "isexe": "^3.1.1" }, "bin": { "node-which": "bin/which.js" } }, "sha512-GlaYyEb07DPxYCKhKzplCWBJtvxZcZMrL+4UkrTSJHHPyZU4mYYTv3qaOe77H7EODLSSopAUFAc6W8U4yqvscg=="],

    "why-is-node-running": ["why-is-node-running@2.3.0", "", { "dependencies": { "siginfo": "2.0.0", "stackback": "0.0.2" }, "bin": { "why-is-node-running": "cli.js" } }, "sha512-hUrmaWBdVDcxvYqnyh09zunKzROWjbZTiNy8dBEjkS7ehEDQibXJ7XvlmtbwuTclUiIyN+CyXQD4Vmko8fNm8w=="],

    "yocto-spinner": ["yocto-spinner@1.2.0", "", { "dependencies": { "yoctocolors": "^2.1.1" } }, "sha512-Yw0hUB6UA3o4YUgKy3oSe9a4cxoaZ9sBfYDw+JSxo6Id0KoJGoxzPA24qqUXYKBWABs/zDSGTz9kww7t3F0XGw=="],

    "yoctocolors": ["yoctocolors@2.1.2", "", {}, "sha512-CzhO+pFNo8ajLM2d2IW/R93ipy99LWjtwblvC1RsoSUMZgyLbYFr221TnSNT7GjGdYui6P459mw9JH/g/zW2ug=="],

    "zod": ["zod@4.4.3", "", {}, "sha512-ytENFjIJFl2UwYglde2jchW2Hwm4GJFLDiSXWdTrJQBIN9Fcyp7n4DhxJEiWNAJMV1/BqWfW/kkg71UDcHJyTQ=="],

    "@dotenvx/dotenvx/picomatch": ["picomatch@4.0.4", "", {}, "sha512-QP88BAKvMam/3NxH6vj2o21R6MjxZUAd6nlwAS/pnGvN9IVLocLHxGYIzFhg6fUQ+5th6P4dv4eW9jX3DSIj7A=="],

    "cliffy/@types/node": ["@types/node@6.14.13", "", {}, "sha512-J1F0XJ/9zxlZel5ZlbeSuHW2OpabrUAqpFuC2sm2I3by8sERQ8+KCjNKUcq8QHuzpGMWiJpo9ZxeHrqrP2KzQw=="],

    "cross-spawn/which": ["which@2.0.2", "", { "dependencies": { "isexe": "2.0.0" }, "bin": { "node-which": "./bin/node-which" } }, "sha512-BLI3Tl1TW3Pvl70l3yq3Y64i+awpwXqsGBYWkkqMtnbXgrMD+yj7rhW0kuEDxzJaYXGjEW5ogapKNMEKNMjibA=="],

    "cross-spawn/which/isexe": ["isexe@2.0.0", "", {}, "sha512-RHxMLp9lnKHGHRng9QFhRCMbYAcVpn69smSGcq3f36xjgVVWThj4qqLbTLlq7Ssj8B+fIQ1EuCEGI2lKsyQeIw=="],
  }
}
